# THIS IS AN AUTOGENERATED FILE. DO NOT EDIT THIS FILE DIRECTLY.
# yarn lockfile v1


"@fortawesome/fontawesome-common-types@^0.2.34":
  version "0.2.34"
  resolved "https://registry.yarnpkg.com/@fortawesome/fontawesome-common-types/-/fontawesome-common-types-0.2.34.tgz#0a8c348bb23b7b760030f5b1d912e582be4ec915"
  integrity sha512-XcIn3iYbTEzGIxD0/dY5+4f019jIcEIWBiHc3KrmK/ROahwxmZ/s+tdj97p/5K0klz4zZUiMfUlYP0ajhSJjmA==

"@fortawesome/fontawesome-svg-core@^1.2.34":
  version "1.2.34"
  resolved "https://registry.yarnpkg.com/@fortawesome/fontawesome-svg-core/-/fontawesome-svg-core-1.2.34.tgz#1d1a7c92537cbc2b8a83eef6b6d824b4b5b46b26"
  integrity sha512-0KNN0nc5eIzaJxlv43QcDmTkDY1CqeN6J7OCGSs+fwGPdtv0yOQqRjieopBCmw+yd7uD3N2HeNL3Zm5isDleLg==
  dependencies:
    "@fortawesome/fontawesome-common-types" "^0.2.34"

"@fortawesome/free-solid-svg-icons@^5.15.2":
  version "5.15.2"
  resolved "https://registry.yarnpkg.com/@fortawesome/free-solid-svg-icons/-/free-solid-svg-icons-5.15.2.tgz#25bb035de57cf85aee8072965732368ccc8e8943"
  integrity sha512-ZfCU+QjaFsdNZmOGmfqEWhzI3JOe37x5dF4kz9GeXvKn/sTxhqMtZ7mh3lBf76SvcYY5/GKFuyG7p1r4iWMQqw==
  dependencies:
    "@fortawesome/fontawesome-common-types" "^0.2.34"

typescript@^4.2.3:
  version "4.2.3"
  resolved "https://registry.yarnpkg.com/typescript/-/typescript-4.2.3.tgz#39062d8019912d43726298f09493d598048c1ce3"
  integrity sha512-qOcYwxaByStAWrBf4x0fibwZvMRG+r4cQoTjbPtUlrWjBHbmCAww1i448U0GJ+3cNNEtebDteo/cHOR3xJ4wEw==
